// !$*UTF8*$!
{
	archiveVersion = 1;
	classes = {
	};
	objectVersion = 55;
	objects = {

/* Begin PBXBuildFile section */
		651E4B4029643F12009E637B /* main.swift in Sources */ = {isa = PBXBuildFile; fileRef = 651E4B3F29643F12009E637B /* main.swift */; };
		651E4B4929644057009E637B /* Q_1330_두수비교하기.swift in Sources */ = {isa = PBXBuildFile; fileRef = 651E4B4829644057009E637B /* Q_1330_두수비교하기.swift */; };
		651E4B4E29644620009E637B /* Q_9498_시험성적.swift in Sources */ = {isa = PBXBuildFile; fileRef = 651E4B4D29644620009E637B /* Q_9498_시험성적.swift */; };
		651E4B52296448E0009E637B /* Q_2753_윤년.swift in Sources */ = {isa = PBXBuildFile; fileRef = 651E4B51296448E0009E637B /* Q_2753_윤년.swift */; };
		651E4B5729644AF2009E637B /* Q_2793_구구단.swift in Sources */ = {isa = PBXBuildFile; fileRef = 651E4B5629644AF2009E637B /* Q_2793_구구단.swift */; };
		651E4B5B29644D71009E637B /* Q_10950_A+B.swift in Sources */ = {isa = PBXBuildFile; fileRef = 651E4B5A29644D71009E637B /* Q_10950_A+B.swift */; };
		6526C0D1296DAD8000609D39 /* Q_14681_사분면고르기.swift in Sources */ = {isa = PBXBuildFile; fileRef = 6526C0D0296DAD8000609D39 /* Q_14681_사분면고르기.swift */; };
		6526C0D5296DAFC900609D39 /* Q_2884_알람시계.swift in Sources */ = {isa = PBXBuildFile; fileRef = 6526C0D4296DAFC900609D39 /* Q_2884_알람시계.swift */; };
		6526C0D9296DB15000609D39 /* Q_2525_오븐시계.swift in Sources */ = {isa = PBXBuildFile; fileRef = 6526C0D8296DB15000609D39 /* Q_2525_오븐시계.swift */; };
		6526C0DD296DB28700609D39 /* Q_2480_주사위세개.swift in Sources */ = {isa = PBXBuildFile; fileRef = 6526C0DC296DB28700609D39 /* Q_2480_주사위세개.swift */; };
		6582BEC5296EFDF900D5FDA3 /* Q_8393_합.swift in Sources */ = {isa = PBXBuildFile; fileRef = 6582BEC4296EFDF900D5FDA3 /* Q_8393_합.swift */; };
		6582BEC9296EFE8E00D5FDA3 /* Q_25304_영수증.swift in Sources */ = {isa = PBXBuildFile; fileRef = 6582BEC8296EFE8E00D5FDA3 /* Q_25304_영수증.swift */; };
		6582BECD296EFFA800D5FDA3 /* Q_11021_A+B-7.swift in Sources */ = {isa = PBXBuildFile; fileRef = 6582BECC296EFFA800D5FDA3 /* Q_11021_A+B-7.swift */; };
		6582BED1296F006800D5FDA3 /* Q_11022_A+B-8.swift in Sources */ = {isa = PBXBuildFile; fileRef = 6582BED0296F006800D5FDA3 /* Q_11022_A+B-8.swift */; };
		6582BED5296F012C00D5FDA3 /* Q_2438_별찍기-1.swift in Sources */ = {isa = PBXBuildFile; fileRef = 6582BED4296F012C00D5FDA3 /* Q_2438_별찍기-1.swift */; };
		6582BED9296F01EF00D5FDA3 /* Q_2439_별찍기-2.swift in Sources */ = {isa = PBXBuildFile; fileRef = 6582BED8296F01EF00D5FDA3 /* Q_2439_별찍기-2.swift */; };
		6582BEDD296F026100D5FDA3 /* Q_10952_A+B-5.swift in Sources */ = {isa = PBXBuildFile; fileRef = 6582BEDC296F026100D5FDA3 /* Q_10952_A+B-5.swift */; };
		6582BEE2296F032000D5FDA3 /* Q_10951_A+B-4.swift in Sources */ = {isa = PBXBuildFile; fileRef = 6582BEE1296F032000D5FDA3 /* Q_10951_A+B-4.swift */; };
		65DEB45C2970326800586059 /* Q_1110_더하기사이클.swift in Sources */ = {isa = PBXBuildFile; fileRef = 65DEB45B2970326800586059 /* Q_1110_더하기사이클.swift */; };
		65DEB4612970336200586059 /* Q_10807_개수세기.swift in Sources */ = {isa = PBXBuildFile; fileRef = 65DEB4602970336200586059 /* Q_10807_개수세기.swift */; };
/* End PBXBuildFile section */

/* Begin PBXCopyFilesBuildPhase section */
		651E4B3A29643F12009E637B /* CopyFiles */ = {
			isa = PBXCopyFilesBuildPhase;
			buildActionMask = 2147483647;
			dstPath = /usr/share/man/man1/;
			dstSubfolderSpec = 0;
			files = (
			);
			runOnlyForDeploymentPostprocessing = 1;
		};
/* End PBXCopyFilesBuildPhase section */

/* Begin PBXFileReference section */
		651E4B3C29643F12009E637B /* Swift_Baekjoon */ = {isa = PBXFileReference; explicitFileType = "compiled.mach-o.executable"; includeInIndex = 0; path = Swift_Baekjoon; sourceTree = BUILT_PRODUCTS_DIR; };
		651E4B3F29643F12009E637B /* main.swift */ = {isa = PBXFileReference; lastKnownFileType = sourcecode.swift; path = main.swift; sourceTree = "<group>"; };
		651E4B4829644057009E637B /* Q_1330_두수비교하기.swift */ = {isa = PBXFileReference; lastKnownFileType = sourcecode.swift; path = "Q_1330_두수비교하기.swift"; sourceTree = "<group>"; };
		651E4B4B2964414E009E637B /* README.md */ = {isa = PBXFileReference; lastKnownFileType = net.daringfireball.markdown; path = README.md; sourceTree = "<group>"; };
		651E4B4D29644620009E637B /* Q_9498_시험성적.swift */ = {isa = PBXFileReference; lastKnownFileType = sourcecode.swift; path = "Q_9498_시험성적.swift"; sourceTree = "<group>"; };
		651E4B4F29644638009E637B /* README.md */ = {isa = PBXFileReference; lastKnownFileType = net.daringfireball.markdown; path = README.md; sourceTree = "<group>"; };
		651E4B51296448E0009E637B /* Q_2753_윤년.swift */ = {isa = PBXFileReference; lastKnownFileType = sourcecode.swift; path = "Q_2753_윤년.swift"; sourceTree = "<group>"; };
		651E4B53296448F5009E637B /* README.md */ = {isa = PBXFileReference; lastKnownFileType = net.daringfireball.markdown; path = README.md; sourceTree = "<group>"; };
		651E4B5629644AF2009E637B /* Q_2793_구구단.swift */ = {isa = PBXFileReference; lastKnownFileType = sourcecode.swift; path = "Q_2793_구구단.swift"; sourceTree = "<group>"; };
		651E4B5829644BA4009E637B /* README.md */ = {isa = PBXFileReference; lastKnownFileType = net.daringfireball.markdown; path = README.md; sourceTree = "<group>"; };
		651E4B5A29644D71009E637B /* Q_10950_A+B.swift */ = {isa = PBXFileReference; lastKnownFileType = sourcecode.swift; path = "Q_10950_A+B.swift"; sourceTree = "<group>"; };
		651E4B5C29644D86009E637B /* README.md */ = {isa = PBXFileReference; lastKnownFileType = net.daringfireball.markdown; path = README.md; sourceTree = "<group>"; };
		6526C0D0296DAD8000609D39 /* Q_14681_사분면고르기.swift */ = {isa = PBXFileReference; lastKnownFileType = sourcecode.swift; path = "Q_14681_사분면고르기.swift"; sourceTree = "<group>"; };
		6526C0D2296DAEBD00609D39 /* README.md */ = {isa = PBXFileReference; lastKnownFileType = net.daringfireball.markdown; path = README.md; sourceTree = "<group>"; };
		6526C0D4296DAFC900609D39 /* Q_2884_알람시계.swift */ = {isa = PBXFileReference; lastKnownFileType = sourcecode.swift; path = "Q_2884_알람시계.swift"; sourceTree = "<group>"; };
		6526C0D6296DAFD700609D39 /* README.md */ = {isa = PBXFileReference; lastKnownFileType = net.daringfireball.markdown; path = README.md; sourceTree = "<group>"; };
		6526C0D8296DB15000609D39 /* Q_2525_오븐시계.swift */ = {isa = PBXFileReference; lastKnownFileType = sourcecode.swift; path = "Q_2525_오븐시계.swift"; sourceTree = "<group>"; };
		6526C0DA296DB15C00609D39 /* README.md */ = {isa = PBXFileReference; lastKnownFileType = net.daringfireball.markdown; path = README.md; sourceTree = "<group>"; };
		6526C0DC296DB28700609D39 /* Q_2480_주사위세개.swift */ = {isa = PBXFileReference; lastKnownFileType = sourcecode.swift; path = "Q_2480_주사위세개.swift"; sourceTree = "<group>"; };
		6526C0DE296DB29600609D39 /* README.md */ = {isa = PBXFileReference; lastKnownFileType = net.daringfireball.markdown; path = README.md; sourceTree = "<group>"; };
		6582BEC4296EFDF900D5FDA3 /* Q_8393_합.swift */ = {isa = PBXFileReference; lastKnownFileType = sourcecode.swift; path = "Q_8393_합.swift"; sourceTree = "<group>"; };
		6582BEC6296EFE2100D5FDA3 /* READMD.md */ = {isa = PBXFileReference; lastKnownFileType = net.daringfireball.markdown; path = READMD.md; sourceTree = "<group>"; };
		6582BEC8296EFE8E00D5FDA3 /* Q_25304_영수증.swift */ = {isa = PBXFileReference; lastKnownFileType = sourcecode.swift; path = "Q_25304_영수증.swift"; sourceTree = "<group>"; };
		6582BECA296EFE9900D5FDA3 /* READMD.md */ = {isa = PBXFileReference; lastKnownFileType = net.daringfireball.markdown; path = READMD.md; sourceTree = "<group>"; };
		6582BECC296EFFA800D5FDA3 /* Q_11021_A+B-7.swift */ = {isa = PBXFileReference; lastKnownFileType = sourcecode.swift; path = "Q_11021_A+B-7.swift"; sourceTree = "<group>"; };
		6582BECE296EFFB800D5FDA3 /* README.md */ = {isa = PBXFileReference; lastKnownFileType = net.daringfireball.markdown; path = README.md; sourceTree = "<group>"; };
		6582BED0296F006800D5FDA3 /* Q_11022_A+B-8.swift */ = {isa = PBXFileReference; lastKnownFileType = sourcecode.swift; path = "Q_11022_A+B-8.swift"; sourceTree = "<group>"; };
		6582BED2296F007300D5FDA3 /* README.md */ = {isa = PBXFileReference; lastKnownFileType = net.daringfireball.markdown; path = README.md; sourceTree = "<group>"; };
		6582BED4296F012C00D5FDA3 /* Q_2438_별찍기-1.swift */ = {isa = PBXFileReference; lastKnownFileType = sourcecode.swift; path = "Q_2438_별찍기-1.swift"; sourceTree = "<group>"; };
		6582BED6296F013800D5FDA3 /* README.md */ = {isa = PBXFileReference; lastKnownFileType = net.daringfireball.markdown; path = README.md; sourceTree = "<group>"; };
		6582BED8296F01EF00D5FDA3 /* Q_2439_별찍기-2.swift */ = {isa = PBXFileReference; lastKnownFileType = sourcecode.swift; path = "Q_2439_별찍기-2.swift"; sourceTree = "<group>"; };
		6582BEDA296F01FA00D5FDA3 /* README.md */ = {isa = PBXFileReference; lastKnownFileType = net.daringfireball.markdown; path = README.md; sourceTree = "<group>"; };
		6582BEDC296F026100D5FDA3 /* Q_10952_A+B-5.swift */ = {isa = PBXFileReference; lastKnownFileType = sourcecode.swift; path = "Q_10952_A+B-5.swift"; sourceTree = "<group>"; };
		6582BEDE296F026E00D5FDA3 /* README.md */ = {isa = PBXFileReference; lastKnownFileType = net.daringfireball.markdown; path = README.md; sourceTree = "<group>"; };
		6582BEE1296F032000D5FDA3 /* Q_10951_A+B-4.swift */ = {isa = PBXFileReference; lastKnownFileType = sourcecode.swift; path = "Q_10951_A+B-4.swift"; sourceTree = "<group>"; };
		6582BEE3296F032B00D5FDA3 /* README.md */ = {isa = PBXFileReference; lastKnownFileType = net.daringfireball.markdown; path = README.md; sourceTree = "<group>"; };
		65DEB45B2970326800586059 /* Q_1110_더하기사이클.swift */ = {isa = PBXFileReference; lastKnownFileType = sourcecode.swift; path = "Q_1110_더하기사이클.swift"; sourceTree = "<group>"; };
		65DEB45D2970327500586059 /* README.md */ = {isa = PBXFileReference; lastKnownFileType = net.daringfireball.markdown; path = README.md; sourceTree = "<group>"; };
		65DEB4602970336200586059 /* Q_10807_개수세기.swift */ = {isa = PBXFileReference; lastKnownFileType = sourcecode.swift; path = "Q_10807_개수세기.swift"; sourceTree = "<group>"; };
		65DEB4622970336C00586059 /* README.md */ = {isa = PBXFileReference; lastKnownFileType = net.daringfireball.markdown; path = README.md; sourceTree = "<group>"; };
/* End PBXFileReference section */

/* Begin PBXFrameworksBuildPhase section */
		651E4B3929643F12009E637B /* Frameworks */ = {
			isa = PBXFrameworksBuildPhase;
			buildActionMask = 2147483647;
			files = (
			);
			runOnlyForDeploymentPostprocessing = 0;
		};
/* End PBXFrameworksBuildPhase section */

/* Begin PBXGroup section */
		651E4B3329643F12009E637B = {
			isa = PBXGroup;
			children = (
				651E4B3D29643F12009E637B /* Products */,
				651E4B3E29643F12009E637B /* Swift_Baekjoon */,
			);
			sourceTree = "<group>";
		};
		651E4B3D29643F12009E637B /* Products */ = {
			isa = PBXGroup;
			children = (
				651E4B3C29643F12009E637B /* Swift_Baekjoon */,
			);
			name = Products;
			sourceTree = "<group>";
		};
		651E4B3E29643F12009E637B /* Swift_Baekjoon */ = {
			isa = PBXGroup;
			children = (
				651E4B4629644018009E637B /* 단계별로 풀어보기 */,
				651E4B3F29643F12009E637B /* main.swift */,
			);
			path = Swift_Baekjoon;
			sourceTree = "<group>";
		};
		651E4B4629644018009E637B /* 단계별로 풀어보기 */ = {
			isa = PBXGroup;
			children = (
				65DEB45E2970333100586059 /* 04_1차원_배열 */,
				651E4B5429644A90009E637B /* 03_반복문 */,
				651E4B4729644027009E637B /* 02_조건문 */,
			);
			name = "단계별로 풀어보기";
			path = "단계별로 풀어보기";
			sourceTree = "<group>";
		};
		651E4B4729644027009E637B /* 02_조건문 */ = {
			isa = PBXGroup;
			children = (
				6526C0DB296DB25E00609D39 /* 07_2480_주사위세개 */,
				6526C0D7296DB13700609D39 /* 06_2525_오븐시계 */,
				6526C0D3296DAFA800609D39 /* 05_2884_알람시계 */,
				6526C0CF296DAD5900609D39 /* 04_14681_사분면고르기 */,
				651E4B50296448B4009E637B /* 03_2753_윤년 */,
				651E4B4C296445BD009E637B /* 02_9498_시험성적 */,
				651E4B4A29644117009E637B /* 01_1330_두수비교하기 */,
			);
			name = "02_조건문";
			path = "02_조건문";
			sourceTree = "<group>";
		};
		651E4B4A29644117009E637B /* 01_1330_두수비교하기 */ = {
			isa = PBXGroup;
			children = (
				651E4B4829644057009E637B /* Q_1330_두수비교하기.swift */,
				651E4B4B2964414E009E637B /* README.md */,
			);
			name = "01_1330_두수비교하기";
			path = "01_1330_두수비교하기";
			sourceTree = "<group>";
		};
		651E4B4C296445BD009E637B /* 02_9498_시험성적 */ = {
			isa = PBXGroup;
			children = (
				651E4B4D29644620009E637B /* Q_9498_시험성적.swift */,
				651E4B4F29644638009E637B /* README.md */,
			);
			name = "02_9498_시험성적";
			path = "02_9498_시험성적";
			sourceTree = "<group>";
		};
		651E4B50296448B4009E637B /* 03_2753_윤년 */ = {
			isa = PBXGroup;
			children = (
				651E4B51296448E0009E637B /* Q_2753_윤년.swift */,
				651E4B53296448F5009E637B /* README.md */,
			);
			name = "03_2753_윤년";
			path = "03_2753_윤년";
			sourceTree = "<group>";
		};
		651E4B5429644A90009E637B /* 03_반복문 */ = {
			isa = PBXGroup;
			children = (
				65DEB45A2970324A00586059 /* 12_1110_더하기사이클 */,
				6582BEE0296F030100D5FDA3 /* 11_10951_A+B-4 */,
				6582BEDB296F024400D5FDA3 /* 10_10952_A+B-5 */,
				6582BED7296F01CB00D5FDA3 /* 09_2439_별찍기-2 */,
				6582BED3296F010F00D5FDA3 /* 08_2438_별찍기-1 */,
				6582BECF296F003900D5FDA3 /* 07_11022_A+B-8 */,
				6582BECB296EFF6200D5FDA3 /* 06_11021_A+B-7 */,
				6582BEC7296EFE7000D5FDA3 /* 04_25304_영수증 */,
				6582BEC3296EFDD500D5FDA3 /* 03_8393_합 */,
				651E4B5929644D3F009E637B /* 02_10950_A+B-3 */,
				651E4B5529644AA4009E637B /* 01_2739_구구단 */,
			);
			name = "03_반복문";
			path = "03_반복문";
			sourceTree = "<group>";
		};
		651E4B5529644AA4009E637B /* 01_2739_구구단 */ = {
			isa = PBXGroup;
			children = (
				651E4B5629644AF2009E637B /* Q_2793_구구단.swift */,
				651E4B5829644BA4009E637B /* README.md */,
			);
			name = "01_2739_구구단";
			path = "01_2739_구구단";
			sourceTree = "<group>";
		};
		651E4B5929644D3F009E637B /* 02_10950_A+B-3 */ = {
			isa = PBXGroup;
			children = (
				651E4B5A29644D71009E637B /* Q_10950_A+B.swift */,
				651E4B5C29644D86009E637B /* README.md */,
			);
			path = "02_10950_A+B-3";
			sourceTree = "<group>";
		};
		6526C0CF296DAD5900609D39 /* 04_14681_사분면고르기 */ = {
			isa = PBXGroup;
			children = (
				6526C0D0296DAD8000609D39 /* Q_14681_사분면고르기.swift */,
				6526C0D2296DAEBD00609D39 /* README.md */,
			);
			name = "04_14681_사분면고르기";
			path = "04_14681_사분면고르기";
			sourceTree = "<group>";
		};
		6526C0D3296DAFA800609D39 /* 05_2884_알람시계 */ = {
			isa = PBXGroup;
			children = (
				6526C0D4296DAFC900609D39 /* Q_2884_알람시계.swift */,
				6526C0D6296DAFD700609D39 /* README.md */,
			);
			name = "05_2884_알람시계";
			path = "05_2884_알람시계";
			sourceTree = "<group>";
		};
		6526C0D7296DB13700609D39 /* 06_2525_오븐시계 */ = {
			isa = PBXGroup;
			children = (
				6526C0D8296DB15000609D39 /* Q_2525_오븐시계.swift */,
				6526C0DA296DB15C00609D39 /* README.md */,
			);
			name = "06_2525_오븐시계";
			path = "06_2525_오븐시계";
			sourceTree = "<group>";
		};
		6526C0DB296DB25E00609D39 /* 07_2480_주사위세개 */ = {
			isa = PBXGroup;
			children = (
				6526C0DC296DB28700609D39 /* Q_2480_주사위세개.swift */,
				6526C0DE296DB29600609D39 /* README.md */,
			);
			name = "07_2480_주사위세개";
			path = "07_2480_주사위세개";
			sourceTree = "<group>";
		};
		6582BEC3296EFDD500D5FDA3 /* 03_8393_합 */ = {
			isa = PBXGroup;
			children = (
				6582BEC4296EFDF900D5FDA3 /* Q_8393_합.swift */,
				6582BEC6296EFE2100D5FDA3 /* READMD.md */,
			);
			name = "03_8393_합";
			path = "03_8393_합";
			sourceTree = "<group>";
		};
		6582BEC7296EFE7000D5FDA3 /* 04_25304_영수증 */ = {
			isa = PBXGroup;
			children = (
				6582BEC8296EFE8E00D5FDA3 /* Q_25304_영수증.swift */,
				6582BECA296EFE9900D5FDA3 /* READMD.md */,
			);
			name = "04_25304_영수증";
			path = "04_25304_영수증";
			sourceTree = "<group>";
		};
		6582BECB296EFF6200D5FDA3 /* 06_11021_A+B-7 */ = {
			isa = PBXGroup;
			children = (
				6582BECC296EFFA800D5FDA3 /* Q_11021_A+B-7.swift */,
				6582BECE296EFFB800D5FDA3 /* README.md */,
			);
			name = "06_11021_A+B-7";
			path = "05_15552_빠른A+B";
			sourceTree = "<group>";
		};
		6582BECF296F003900D5FDA3 /* 07_11022_A+B-8 */ = {
			isa = PBXGroup;
			children = (
				6582BED0296F006800D5FDA3 /* Q_11022_A+B-8.swift */,
				6582BED2296F007300D5FDA3 /* README.md */,
			);
			path = "07_11022_A+B-8";
			sourceTree = "<group>";
		};
		6582BED3296F010F00D5FDA3 /* 08_2438_별찍기-1 */ = {
			isa = PBXGroup;
			children = (
				6582BED4296F012C00D5FDA3 /* Q_2438_별찍기-1.swift */,
				6582BED6296F013800D5FDA3 /* README.md */,
			);
			name = "08_2438_별찍기-1";
			path = "08_2438_별찍기-1";
			sourceTree = "<group>";
		};
		6582BED7296F01CB00D5FDA3 /* 09_2439_별찍기-2 */ = {
			isa = PBXGroup;
			children = (
				6582BED8296F01EF00D5FDA3 /* Q_2439_별찍기-2.swift */,
				6582BEDA296F01FA00D5FDA3 /* README.md */,
			);
			name = "09_2439_별찍기-2";
			path = "09_2439_별찍기-2";
			sourceTree = "<group>";
		};
		6582BEDB296F024400D5FDA3 /* 10_10952_A+B-5 */ = {
			isa = PBXGroup;
			children = (
				6582BEDC296F026100D5FDA3 /* Q_10952_A+B-5.swift */,
				6582BEDE296F026E00D5FDA3 /* README.md */,
			);
			path = "10_10952_A+B-5";
			sourceTree = "<group>";
		};
		6582BEE0296F030100D5FDA3 /* 11_10951_A+B-4 */ = {
			isa = PBXGroup;
			children = (
				6582BEE1296F032000D5FDA3 /* Q_10951_A+B-4.swift */,
				6582BEE3296F032B00D5FDA3 /* README.md */,
			);
			path = "11_10951_A+B-4";
			sourceTree = "<group>";
		};
		65DEB45A2970324A00586059 /* 12_1110_더하기사이클 */ = {
			isa = PBXGroup;
			children = (
				65DEB45B2970326800586059 /* Q_1110_더하기사이클.swift */,
				65DEB45D2970327500586059 /* README.md */,
			);
			name = "12_1110_더하기사이클";
			path = "12_1110_더하기사이클";
			sourceTree = "<group>";
		};
		65DEB45E2970333100586059 /* 04_1차원_배열 */ = {
			isa = PBXGroup;
			children = (
				65DEB45F2970334100586059 /* 01_10807_개수세기 */,
			);
			name = "04_1차원_배열";
			path = "04_1차원_배열";
			sourceTree = "<group>";
		};
		65DEB45F2970334100586059 /* 01_10807_개수세기 */ = {
			isa = PBXGroup;
			children = (
				65DEB4602970336200586059 /* Q_10807_개수세기.swift */,
				65DEB4622970336C00586059 /* README.md */,
			);
			name = "01_10807_개수세기";
			path = "01_10807_개수세기";
			sourceTree = "<group>";
		};
/* End PBXGroup section */

/* Begin PBXNativeTarget section */
		651E4B3B29643F12009E637B /* Swift_Baekjoon */ = {
			isa = PBXNativeTarget;
			buildConfigurationList = 651E4B4329643F12009E637B /* Build configuration list for PBXNativeTarget "Swift_Baekjoon" */;
			buildPhases = (
				651E4B3829643F12009E637B /* Sources */,
				651E4B3929643F12009E637B /* Frameworks */,
				651E4B3A29643F12009E637B /* CopyFiles */,
			);
			buildRules = (
			);
			dependencies = (
			);
			name = Swift_Baekjoon;
			productName = Swift_Baekjoon;
			productReference = 651E4B3C29643F12009E637B /* Swift_Baekjoon */;
			productType = "com.apple.product-type.tool";
		};
/* End PBXNativeTarget section */

/* Begin PBXProject section */
		651E4B3429643F12009E637B /* Project object */ = {
			isa = PBXProject;
			attributes = {
				BuildIndependentTargetsInParallel = 1;
				LastSwiftUpdateCheck = 1330;
				LastUpgradeCheck = 1330;
				TargetAttributes = {
					651E4B3B29643F12009E637B = {
						CreatedOnToolsVersion = 13.3.1;
					};
				};
			};
			buildConfigurationList = 651E4B3729643F12009E637B /* Build configuration list for PBXProject "Swift_Baekjoon" */;
			compatibilityVersion = "Xcode 13.0";
			developmentRegion = en;
			hasScannedForEncodings = 0;
			knownRegions = (
				en,
				Base,
			);
			mainGroup = 651E4B3329643F12009E637B;
			productRefGroup = 651E4B3D29643F12009E637B /* Products */;
			projectDirPath = "";
			projectRoot = "";
			targets = (
				651E4B3B29643F12009E637B /* Swift_Baekjoon */,
			);
		};
/* End PBXProject section */

/* Begin PBXSourcesBuildPhase section */
		651E4B3829643F12009E637B /* Sources */ = {
			isa = PBXSourcesBuildPhase;
			buildActionMask = 2147483647;
			files = (
				6582BEC5296EFDF900D5FDA3 /* Q_8393_합.swift in Sources */,
				65DEB4612970336200586059 /* Q_10807_개수세기.swift in Sources */,
				6526C0D9296DB15000609D39 /* Q_2525_오븐시계.swift in Sources */,
				6582BEDD296F026100D5FDA3 /* Q_10952_A+B-5.swift in Sources */,
				6582BED1296F006800D5FDA3 /* Q_11022_A+B-8.swift in Sources */,
				651E4B4929644057009E637B /* Q_1330_두수비교하기.swift in Sources */,
				6526C0D1296DAD8000609D39 /* Q_14681_사분면고르기.swift in Sources */,
				651E4B52296448E0009E637B /* Q_2753_윤년.swift in Sources */,
				651E4B5B29644D71009E637B /* Q_10950_A+B.swift in Sources */,
				6582BEC9296EFE8E00D5FDA3 /* Q_25304_영수증.swift in Sources */,
				6582BED5296F012C00D5FDA3 /* Q_2438_별찍기-1.swift in Sources */,
				6582BEE2296F032000D5FDA3 /* Q_10951_A+B-4.swift in Sources */,
				651E4B4029643F12009E637B /* main.swift in Sources */,
				6582BECD296EFFA800D5FDA3 /* Q_11021_A+B-7.swift in Sources */,
				6526C0D5296DAFC900609D39 /* Q_2884_알람시계.swift in Sources */,
				651E4B5729644AF2009E637B /* Q_2793_구구단.swift in Sources */,
				6526C0DD296DB28700609D39 /* Q_2480_주사위세개.swift in Sources */,
				6582BED9296F01EF00D5FDA3 /* Q_2439_별찍기-2.swift in Sources */,
				65DEB45C2970326800586059 /* Q_1110_더하기사이클.swift in Sources */,
				651E4B4E29644620009E637B /* Q_9498_시험성적.swift in Sources */,
			);
			runOnlyForDeploymentPostprocessing = 0;
		};
/* End PBXSourcesBuildPhase section */

/* Begin XCBuildConfiguration section */
		651E4B4129643F12009E637B /* Debug */ = {
			isa = XCBuildConfiguration;
			buildSettings = {
				ALWAYS_SEARCH_USER_PATHS = NO;
				CLANG_ANALYZER_NONNULL = YES;
				CLANG_ANALYZER_NUMBER_OBJECT_CONVERSION = YES_AGGRESSIVE;
				CLANG_CXX_LANGUAGE_STANDARD = "gnu++17";
				CLANG_ENABLE_MODULES = YES;
				CLANG_ENABLE_OBJC_ARC = YES;
				CLANG_ENABLE_OBJC_WEAK = YES;
				CLANG_WARN_BLOCK_CAPTURE_AUTORELEASING = YES;
				CLANG_WARN_BOOL_CONVERSION = YES;
				CLANG_WARN_COMMA = YES;
				CLANG_WARN_CONSTANT_CONVERSION = YES;
				CLANG_WARN_DEPRECATED_OBJC_IMPLEMENTATIONS = YES;
				CLANG_WARN_DIRECT_OBJC_ISA_USAGE = YES_ERROR;
				CLANG_WARN_DOCUMENTATION_COMMENTS = YES;
				CLANG_WARN_EMPTY_BODY = YES;
				CLANG_WARN_ENUM_CONVERSION = YES;
				CLANG_WARN_INFINITE_RECURSION = YES;
				CLANG_WARN_INT_CONVERSION = YES;
				CLANG_WARN_NON_LITERAL_NULL_CONVERSION = YES;
				CLANG_WARN_OBJC_IMPLICIT_RETAIN_SELF = YES;
				CLANG_WARN_OBJC_LITERAL_CONVERSION = YES;
				CLANG_WARN_OBJC_ROOT_CLASS = YES_ERROR;
				CLANG_WARN_QUOTED_INCLUDE_IN_FRAMEWORK_HEADER = YES;
				CLANG_WARN_RANGE_LOOP_ANALYSIS = YES;
				CLANG_WARN_STRICT_PROTOTYPES = YES;
				CLANG_WARN_SUSPICIOUS_MOVE = YES;
				CLANG_WARN_UNGUARDED_AVAILABILITY = YES_AGGRESSIVE;
				CLANG_WARN_UNREACHABLE_CODE = YES;
				CLANG_WARN__DUPLICATE_METHOD_MATCH = YES;
				COPY_PHASE_STRIP = NO;
				DEBUG_INFORMATION_FORMAT = dwarf;
				ENABLE_STRICT_OBJC_MSGSEND = YES;
				ENABLE_TESTABILITY = YES;
				GCC_C_LANGUAGE_STANDARD = gnu11;
				GCC_DYNAMIC_NO_PIC = NO;
				GCC_NO_COMMON_BLOCKS = YES;
				GCC_OPTIMIZATION_LEVEL = 0;
				GCC_PREPROCESSOR_DEFINITIONS = (
					"DEBUG=1",
					"$(inherited)",
				);
				GCC_WARN_64_TO_32_BIT_CONVERSION = YES;
				GCC_WARN_ABOUT_RETURN_TYPE = YES_ERROR;
				GCC_WARN_UNDECLARED_SELECTOR = YES;
				GCC_WARN_UNINITIALIZED_AUTOS = YES_AGGRESSIVE;
				GCC_WARN_UNUSED_FUNCTION = YES;
				GCC_WARN_UNUSED_VARIABLE = YES;
				MACOSX_DEPLOYMENT_TARGET = 12.3;
				MTL_ENABLE_DEBUG_INFO = INCLUDE_SOURCE;
				MTL_FAST_MATH = YES;
				ONLY_ACTIVE_ARCH = YES;
				SDKROOT = macosx;
				SWIFT_ACTIVE_COMPILATION_CONDITIONS = DEBUG;
				SWIFT_OPTIMIZATION_LEVEL = "-Onone";
			};
			name = Debug;
		};
		651E4B4229643F12009E637B /* Release */ = {
			isa = XCBuildConfiguration;
			buildSettings = {
				ALWAYS_SEARCH_USER_PATHS = NO;
				CLANG_ANALYZER_NONNULL = YES;
				CLANG_ANALYZER_NUMBER_OBJECT_CONVERSION = YES_AGGRESSIVE;
				CLANG_CXX_LANGUAGE_STANDARD = "gnu++17";
				CLANG_ENABLE_MODULES = YES;
				CLANG_ENABLE_OBJC_ARC = YES;
				CLANG_ENABLE_OBJC_WEAK = YES;
				CLANG_WARN_BLOCK_CAPTURE_AUTORELEASING = YES;
				CLANG_WARN_BOOL_CONVERSION = YES;
				CLANG_WARN_COMMA = YES;
				CLANG_WARN_CONSTANT_CONVERSION = YES;
				CLANG_WARN_DEPRECATED_OBJC_IMPLEMENTATIONS = YES;
				CLANG_WARN_DIRECT_OBJC_ISA_USAGE = YES_ERROR;
				CLANG_WARN_DOCUMENTATION_COMMENTS = YES;
				CLANG_WARN_EMPTY_BODY = YES;
				CLANG_WARN_ENUM_CONVERSION = YES;
				CLANG_WARN_INFINITE_RECURSION = YES;
				CLANG_WARN_INT_CONVERSION = YES;
				CLANG_WARN_NON_LITERAL_NULL_CONVERSION = YES;
				CLANG_WARN_OBJC_IMPLICIT_RETAIN_SELF = YES;
				CLANG_WARN_OBJC_LITERAL_CONVERSION = YES;
				CLANG_WARN_OBJC_ROOT_CLASS = YES_ERROR;
				CLANG_WARN_QUOTED_INCLUDE_IN_FRAMEWORK_HEADER = YES;
				CLANG_WARN_RANGE_LOOP_ANALYSIS = YES;
				CLANG_WARN_STRICT_PROTOTYPES = YES;
				CLANG_WARN_SUSPICIOUS_MOVE = YES;
				CLANG_WARN_UNGUARDED_AVAILABILITY = YES_AGGRESSIVE;
				CLANG_WARN_UNREACHABLE_CODE = YES;
				CLANG_WARN__DUPLICATE_METHOD_MATCH = YES;
				COPY_PHASE_STRIP = NO;
				DEBUG_INFORMATION_FORMAT = "dwarf-with-dsym";
				ENABLE_NS_ASSERTIONS = NO;
				ENABLE_STRICT_OBJC_MSGSEND = YES;
				GCC_C_LANGUAGE_STANDARD = gnu11;
				GCC_NO_COMMON_BLOCKS = YES;
				GCC_WARN_64_TO_32_BIT_CONVERSION = YES;
				GCC_WARN_ABOUT_RETURN_TYPE = YES_ERROR;
				GCC_WARN_UNDECLARED_SELECTOR = YES;
				GCC_WARN_UNINITIALIZED_AUTOS = YES_AGGRESSIVE;
				GCC_WARN_UNUSED_FUNCTION = YES;
				GCC_WARN_UNUSED_VARIABLE = YES;
				MACOSX_DEPLOYMENT_TARGET = 12.3;
				MTL_ENABLE_DEBUG_INFO = NO;
				MTL_FAST_MATH = YES;
				SDKROOT = macosx;
				SWIFT_COMPILATION_MODE = wholemodule;
				SWIFT_OPTIMIZATION_LEVEL = "-O";
			};
			name = Release;
		};
		651E4B4429643F12009E637B /* Debug */ = {
			isa = XCBuildConfiguration;
			buildSettings = {
				CODE_SIGN_STYLE = Automatic;
				DEVELOPMENT_TEAM = 6GK6PL55U2;
				ENABLE_HARDENED_RUNTIME = YES;
				PRODUCT_NAME = "$(TARGET_NAME)";
				SWIFT_VERSION = 5.0;
			};
			name = Debug;
		};
		651E4B4529643F12009E637B /* Release */ = {
			isa = XCBuildConfiguration;
			buildSettings = {
				CODE_SIGN_STYLE = Automatic;
				DEVELOPMENT_TEAM = 6GK6PL55U2;
				ENABLE_HARDENED_RUNTIME = YES;
				PRODUCT_NAME = "$(TARGET_NAME)";
				SWIFT_VERSION = 5.0;
			};
			name = Release;
		};
/* End XCBuildConfiguration section */

/* Begin XCConfigurationList section */
		651E4B3729643F12009E637B /* Build configuration list for PBXProject "Swift_Baekjoon" */ = {
			isa = XCConfigurationList;
			buildConfigurations = (
				651E4B4129643F12009E637B /* Debug */,
				651E4B4229643F12009E637B /* Release */,
			);
			defaultConfigurationIsVisible = 0;
			defaultConfigurationName = Release;
		};
		651E4B4329643F12009E637B /* Build configuration list for PBXNativeTarget "Swift_Baekjoon" */ = {
			isa = XCConfigurationList;
			buildConfigurations = (
				651E4B4429643F12009E637B /* Debug */,
				651E4B4529643F12009E637B /* Release */,
			);
			defaultConfigurationIsVisible = 0;
			defaultConfigurationName = Release;
		};
/* End XCConfigurationList section */
	};
	rootObject = 651E4B3429643F12009E637B /* Project object */;
}
