// !$*UTF8*$!
{
	archiveVersion = 1;
	classes = {
	};
	objectVersion = 56;
	objects = {

/* Begin PBXBuildFile section */
		6532168D298F786500A5F51A /* main.swift in Sources */ = {isa = PBXBuildFile; fileRef = 6532168C298F786500A5F51A /* main.swift */; };
		65321696298F78E400A5F51A /* 기사단원의_무기.swift in Sources */ = {isa = PBXBuildFile; fileRef = 65321695298F78E400A5F51A /* 기사단원의_무기.swift */; };
		653CF04D2A27075800581290 /* 배열의_유사도.swift in Sources */ = {isa = PBXBuildFile; fileRef = 653CF04C2A27075800581290 /* 배열의_유사도.swift */; };
		653CF0512A270B7900581290 /* 옷가게_할인_받기.swift in Sources */ = {isa = PBXBuildFile; fileRef = 653CF0502A270B7900581290 /* 옷가게_할인_받기.swift */; };
		653CF0552A27120A00581290 /* 아이스_아메리카노.swift in Sources */ = {isa = PBXBuildFile; fileRef = 653CF0542A27120A00581290 /* 아이스_아메리카노.swift */; };
		653CF0592A28361800581290 /* 중앙값_구하기.swift in Sources */ = {isa = PBXBuildFile; fileRef = 653CF0582A28361800581290 /* 중앙값_구하기.swift */; };
		653CF05D2A28541500581290 /* 공_던지기.swift in Sources */ = {isa = PBXBuildFile; fileRef = 653CF05C2A28541500581290 /* 공_던지기.swift */; };
		654380A22A25C6BE00B0A269 /* k의_개수.swift in Sources */ = {isa = PBXBuildFile; fileRef = 654380A12A25C6BE00B0A269 /* k의_개수.swift */; };
		654380A62A25CEB400B0A269 /* 가까운_수.swift in Sources */ = {isa = PBXBuildFile; fileRef = 654380A52A25CEB400B0A269 /* 가까운_수.swift */; };
		654380AA2A25DBD200B0A269 /* A로_B_만들기.swift in Sources */ = {isa = PBXBuildFile; fileRef = 654380A92A25DBD200B0A269 /* A로_B_만들기.swift */; };
/* End PBXBuildFile section */

/* Begin PBXCopyFilesBuildPhase section */
		65321687298F786500A5F51A /* CopyFiles */ = {
			isa = PBXCopyFilesBuildPhase;
			buildActionMask = 2147483647;
			dstPath = /usr/share/man/man1/;
			dstSubfolderSpec = 0;
			files = (
			);
			runOnlyForDeploymentPostprocessing = 1;
		};
/* End PBXCopyFilesBuildPhase section */

/* Begin PBXFileReference section */
		65321689298F786500A5F51A /* Swift_Programmers */ = {isa = PBXFileReference; explicitFileType = "compiled.mach-o.executable"; includeInIndex = 0; path = Swift_Programmers; sourceTree = BUILT_PRODUCTS_DIR; };
		6532168C298F786500A5F51A /* main.swift */ = {isa = PBXFileReference; lastKnownFileType = sourcecode.swift; path = main.swift; sourceTree = "<group>"; };
		65321695298F78E400A5F51A /* 기사단원의_무기.swift */ = {isa = PBXFileReference; lastKnownFileType = sourcecode.swift; path = "기사단원의_무기.swift"; sourceTree = "<group>"; };
		65321697298F790600A5F51A /* README.md */ = {isa = PBXFileReference; lastKnownFileType = net.daringfireball.markdown; path = README.md; sourceTree = "<group>"; };
		653CF04C2A27075800581290 /* 배열의_유사도.swift */ = {isa = PBXFileReference; lastKnownFileType = sourcecode.swift; path = "배열의_유사도.swift"; sourceTree = "<group>"; };
		653CF04E2A27076C00581290 /* README.md */ = {isa = PBXFileReference; lastKnownFileType = net.daringfireball.markdown; path = README.md; sourceTree = "<group>"; };
		653CF0502A270B7900581290 /* 옷가게_할인_받기.swift */ = {isa = PBXFileReference; lastKnownFileType = sourcecode.swift; path = "옷가게_할인_받기.swift"; sourceTree = "<group>"; };
		653CF0522A270B8300581290 /* README.md */ = {isa = PBXFileReference; lastKnownFileType = net.daringfireball.markdown; path = README.md; sourceTree = "<group>"; };
		653CF0542A27120A00581290 /* 아이스_아메리카노.swift */ = {isa = PBXFileReference; lastKnownFileType = sourcecode.swift; path = "아이스_아메리카노.swift"; sourceTree = "<group>"; };
		653CF0562A27121300581290 /* README.md */ = {isa = PBXFileReference; lastKnownFileType = net.daringfireball.markdown; path = README.md; sourceTree = "<group>"; };
		653CF0582A28361800581290 /* 중앙값_구하기.swift */ = {isa = PBXFileReference; lastKnownFileType = sourcecode.swift; path = "중앙값_구하기.swift"; sourceTree = "<group>"; };
		653CF05A2A28362700581290 /* README.md */ = {isa = PBXFileReference; lastKnownFileType = net.daringfireball.markdown; path = README.md; sourceTree = "<group>"; };
		653CF05C2A28541500581290 /* 공_던지기.swift */ = {isa = PBXFileReference; lastKnownFileType = sourcecode.swift; path = "공_던지기.swift"; sourceTree = "<group>"; };
		653CF05E2A28541F00581290 /* README.md */ = {isa = PBXFileReference; lastKnownFileType = net.daringfireball.markdown; path = README.md; sourceTree = "<group>"; };
		654380A12A25C6BE00B0A269 /* k의_개수.swift */ = {isa = PBXFileReference; lastKnownFileType = sourcecode.swift; path = "k의_개수.swift"; sourceTree = "<group>"; };
		654380A32A25C6F400B0A269 /* README.md */ = {isa = PBXFileReference; lastKnownFileType = net.daringfireball.markdown; path = README.md; sourceTree = "<group>"; };
		654380A52A25CEB400B0A269 /* 가까운_수.swift */ = {isa = PBXFileReference; lastKnownFileType = sourcecode.swift; path = "가까운_수.swift"; sourceTree = "<group>"; };
		654380A72A25CEC600B0A269 /* README.md */ = {isa = PBXFileReference; lastKnownFileType = net.daringfireball.markdown; path = README.md; sourceTree = "<group>"; };
		654380A92A25DBD200B0A269 /* A로_B_만들기.swift */ = {isa = PBXFileReference; lastKnownFileType = sourcecode.swift; path = "A로_B_만들기.swift"; sourceTree = "<group>"; };
		654380AB2A25DBDE00B0A269 /* README.md */ = {isa = PBXFileReference; lastKnownFileType = net.daringfireball.markdown; path = README.md; sourceTree = "<group>"; };
/* End PBXFileReference section */

/* Begin PBXFrameworksBuildPhase section */
		65321686298F786500A5F51A /* Frameworks */ = {
			isa = PBXFrameworksBuildPhase;
			buildActionMask = 2147483647;
			files = (
			);
			runOnlyForDeploymentPostprocessing = 0;
		};
/* End PBXFrameworksBuildPhase section */

/* Begin PBXGroup section */
		65321680298F786500A5F51A = {
			isa = PBXGroup;
			children = (
				6532168B298F786500A5F51A /* Swift_Programmers */,
				6532168A298F786500A5F51A /* Products */,
			);
			sourceTree = "<group>";
		};
		6532168A298F786500A5F51A /* Products */ = {
			isa = PBXGroup;
			children = (
				65321689298F786500A5F51A /* Swift_Programmers */,
			);
			name = Products;
			sourceTree = "<group>";
		};
		6532168B298F786500A5F51A /* Swift_Programmers */ = {
			isa = PBXGroup;
			children = (
				6543809F2A25C61800B0A269 /* Lv_0 */,
				65321693298F788500A5F51A /* Lv_1 */,
				6532168C298F786500A5F51A /* main.swift */,
			);
			path = Swift_Programmers;
			sourceTree = "<group>";
		};
		65321693298F788500A5F51A /* Lv_1 */ = {
			isa = PBXGroup;
			children = (
				65321694298F789500A5F51A /* 기사단원의 무기 */,
			);
			path = Lv_1;
			sourceTree = "<group>";
		};
		65321694298F789500A5F51A /* 기사단원의 무기 */ = {
			isa = PBXGroup;
			children = (
				65321695298F78E400A5F51A /* 기사단원의_무기.swift */,
				65321697298F790600A5F51A /* README.md */,
			);
			name = "기사단원의 무기";
			path = "기사단원의 무기";
			sourceTree = "<group>";
		};
		653CF04B2A27074200581290 /* 배열의 유사도 */ = {
			isa = PBXGroup;
			children = (
				653CF04C2A27075800581290 /* 배열의_유사도.swift */,
				653CF04E2A27076C00581290 /* README.md */,
			);
			name = "배열의 유사도";
			path = "배열의 유사도";
			sourceTree = "<group>";
		};
		653CF04F2A270B6600581290 /* 옷가게 할인 받기 */ = {
			isa = PBXGroup;
			children = (
				653CF0502A270B7900581290 /* 옷가게_할인_받기.swift */,
				653CF0522A270B8300581290 /* README.md */,
			);
			name = "옷가게 할인 받기";
			path = "옷가게 할인 받기";
			sourceTree = "<group>";
		};
		653CF0532A2711FC00581290 /* 아이스 아메리카노 */ = {
			isa = PBXGroup;
			children = (
				653CF0542A27120A00581290 /* 아이스_아메리카노.swift */,
				653CF0562A27121300581290 /* README.md */,
			);
			name = "아이스 아메리카노";
			path = "아이스 아메리카노";
			sourceTree = "<group>";
		};
		653CF0572A28360500581290 /* 중앙값 구하기 */ = {
			isa = PBXGroup;
			children = (
				653CF0582A28361800581290 /* 중앙값_구하기.swift */,
				653CF05A2A28362700581290 /* README.md */,
			);
			name = "중앙값 구하기";
			path = "중앙값 구하기";
			sourceTree = "<group>";
		};
		653CF05B2A28540300581290 /* 공 던지기 */ = {
			isa = PBXGroup;
			children = (
				653CF05C2A28541500581290 /* 공_던지기.swift */,
				653CF05E2A28541F00581290 /* README.md */,
			);
			name = "공 던지기";
			path = "공 던지기";
			sourceTree = "<group>";
		};
		6543809F2A25C61800B0A269 /* Lv_0 */ = {
			isa = PBXGroup;
			children = (
				653CF05B2A28540300581290 /* 공 던지기 */,
				653CF0572A28360500581290 /* 중앙값 구하기 */,
				653CF0532A2711FC00581290 /* 아이스 아메리카노 */,
				653CF04F2A270B6600581290 /* 옷가게 할인 받기 */,
				653CF04B2A27074200581290 /* 배열의 유사도 */,
				654380A82A25DB9A00B0A269 /* A로 B 만들기 */,
				654380A42A25CE9E00B0A269 /* 가까운 수 */,
				654380A02A25C68100B0A269 /* k의 개수 */,
			);
			path = Lv_0;
			sourceTree = "<group>";
		};
		654380A02A25C68100B0A269 /* k의 개수 */ = {
			isa = PBXGroup;
			children = (
				654380A12A25C6BE00B0A269 /* k의_개수.swift */,
				654380A32A25C6F400B0A269 /* README.md */,
			);
			name = "k의 개수";
			path = "k의 개수";
			sourceTree = "<group>";
		};
		654380A42A25CE9E00B0A269 /* 가까운 수 */ = {
			isa = PBXGroup;
			children = (
				654380A52A25CEB400B0A269 /* 가까운_수.swift */,
				654380A72A25CEC600B0A269 /* README.md */,
			);
			name = "가까운 수";
			path = "가까운 수";
			sourceTree = "<group>";
		};
		654380A82A25DB9A00B0A269 /* A로 B 만들기 */ = {
			isa = PBXGroup;
			children = (
				654380A92A25DBD200B0A269 /* A로_B_만들기.swift */,
				654380AB2A25DBDE00B0A269 /* README.md */,
			);
			name = "A로 B 만들기";
			path = "A로 B 만들기";
			sourceTree = "<group>";
		};
/* End PBXGroup section */

/* Begin PBXNativeTarget section */
		65321688298F786500A5F51A /* Swift_Programmers */ = {
			isa = PBXNativeTarget;
			buildConfigurationList = 65321690298F786500A5F51A /* Build configuration list for PBXNativeTarget "Swift_Programmers" */;
			buildPhases = (
				65321685298F786500A5F51A /* Sources */,
				65321686298F786500A5F51A /* Frameworks */,
				65321687298F786500A5F51A /* CopyFiles */,
			);
			buildRules = (
			);
			dependencies = (
			);
			name = Swift_Programmers;
			productName = Swift_Programmers;
			productReference = 65321689298F786500A5F51A /* Swift_Programmers */;
			productType = "com.apple.product-type.tool";
		};
/* End PBXNativeTarget section */

/* Begin PBXProject section */
		65321681298F786500A5F51A /* Project object */ = {
			isa = PBXProject;
			attributes = {
				BuildIndependentTargetsInParallel = 1;
				LastSwiftUpdateCheck = 1420;
				LastUpgradeCheck = 1420;
				TargetAttributes = {
					65321688298F786500A5F51A = {
						CreatedOnToolsVersion = 14.2;
					};
				};
			};
			buildConfigurationList = 65321684298F786500A5F51A /* Build configuration list for PBXProject "Swift_Programmers" */;
			compatibilityVersion = "Xcode 14.0";
			developmentRegion = en;
			hasScannedForEncodings = 0;
			knownRegions = (
				en,
				Base,
			);
			mainGroup = 65321680298F786500A5F51A;
			productRefGroup = 6532168A298F786500A5F51A /* Products */;
			projectDirPath = "";
			projectRoot = "";
			targets = (
				65321688298F786500A5F51A /* Swift_Programmers */,
			);
		};
/* End PBXProject section */

/* Begin PBXSourcesBuildPhase section */
		65321685298F786500A5F51A /* Sources */ = {
			isa = PBXSourcesBuildPhase;
			buildActionMask = 2147483647;
			files = (
				654380A62A25CEB400B0A269 /* 가까운_수.swift in Sources */,
				65321696298F78E400A5F51A /* 기사단원의_무기.swift in Sources */,
				653CF0592A28361800581290 /* 중앙값_구하기.swift in Sources */,
				653CF04D2A27075800581290 /* 배열의_유사도.swift in Sources */,
				6532168D298F786500A5F51A /* main.swift in Sources */,
				654380AA2A25DBD200B0A269 /* A로_B_만들기.swift in Sources */,
				653CF0512A270B7900581290 /* 옷가게_할인_받기.swift in Sources */,
				653CF05D2A28541500581290 /* 공_던지기.swift in Sources */,
				653CF0552A27120A00581290 /* 아이스_아메리카노.swift in Sources */,
				654380A22A25C6BE00B0A269 /* k의_개수.swift in Sources */,
			);
			runOnlyForDeploymentPostprocessing = 0;
		};
/* End PBXSourcesBuildPhase section */

/* Begin XCBuildConfiguration section */
		6532168E298F786500A5F51A /* Debug */ = {
			isa = XCBuildConfiguration;
			buildSettings = {
				ALWAYS_SEARCH_USER_PATHS = NO;
				CLANG_ANALYZER_NONNULL = YES;
				CLANG_ANALYZER_NUMBER_OBJECT_CONVERSION = YES_AGGRESSIVE;
				CLANG_CXX_LANGUAGE_STANDARD = "gnu++20";
				CLANG_ENABLE_MODULES = YES;
				CLANG_ENABLE_OBJC_ARC = YES;
				CLANG_ENABLE_OBJC_WEAK = YES;
				CLANG_WARN_BLOCK_CAPTURE_AUTORELEASING = YES;
				CLANG_WARN_BOOL_CONVERSION = YES;
				CLANG_WARN_COMMA = YES;
				CLANG_WARN_CONSTANT_CONVERSION = YES;
				CLANG_WARN_DEPRECATED_OBJC_IMPLEMENTATIONS = YES;
				CLANG_WARN_DIRECT_OBJC_ISA_USAGE = YES_ERROR;
				CLANG_WARN_DOCUMENTATION_COMMENTS = YES;
				CLANG_WARN_EMPTY_BODY = YES;
				CLANG_WARN_ENUM_CONVERSION = YES;
				CLANG_WARN_INFINITE_RECURSION = YES;
				CLANG_WARN_INT_CONVERSION = YES;
				CLANG_WARN_NON_LITERAL_NULL_CONVERSION = YES;
				CLANG_WARN_OBJC_IMPLICIT_RETAIN_SELF = YES;
				CLANG_WARN_OBJC_LITERAL_CONVERSION = YES;
				CLANG_WARN_OBJC_ROOT_CLASS = YES_ERROR;
				CLANG_WARN_QUOTED_INCLUDE_IN_FRAMEWORK_HEADER = YES;
				CLANG_WARN_RANGE_LOOP_ANALYSIS = YES;
				CLANG_WARN_STRICT_PROTOTYPES = YES;
				CLANG_WARN_SUSPICIOUS_MOVE = YES;
				CLANG_WARN_UNGUARDED_AVAILABILITY = YES_AGGRESSIVE;
				CLANG_WARN_UNREACHABLE_CODE = YES;
				CLANG_WARN__DUPLICATE_METHOD_MATCH = YES;
				COPY_PHASE_STRIP = NO;
				DEBUG_INFORMATION_FORMAT = dwarf;
				ENABLE_STRICT_OBJC_MSGSEND = YES;
				ENABLE_TESTABILITY = YES;
				GCC_C_LANGUAGE_STANDARD = gnu11;
				GCC_DYNAMIC_NO_PIC = NO;
				GCC_NO_COMMON_BLOCKS = YES;
				GCC_OPTIMIZATION_LEVEL = 0;
				GCC_PREPROCESSOR_DEFINITIONS = (
					"DEBUG=1",
					"$(inherited)",
				);
				GCC_WARN_64_TO_32_BIT_CONVERSION = YES;
				GCC_WARN_ABOUT_RETURN_TYPE = YES_ERROR;
				GCC_WARN_UNDECLARED_SELECTOR = YES;
				GCC_WARN_UNINITIALIZED_AUTOS = YES_AGGRESSIVE;
				GCC_WARN_UNUSED_FUNCTION = YES;
				GCC_WARN_UNUSED_VARIABLE = YES;
				MACOSX_DEPLOYMENT_TARGET = 13.1;
				MTL_ENABLE_DEBUG_INFO = INCLUDE_SOURCE;
				MTL_FAST_MATH = YES;
				ONLY_ACTIVE_ARCH = YES;
				SDKROOT = macosx;
				SWIFT_ACTIVE_COMPILATION_CONDITIONS = DEBUG;
				SWIFT_OPTIMIZATION_LEVEL = "-Onone";
			};
			name = Debug;
		};
		6532168F298F786500A5F51A /* Release */ = {
			isa = XCBuildConfiguration;
			buildSettings = {
				ALWAYS_SEARCH_USER_PATHS = NO;
				CLANG_ANALYZER_NONNULL = YES;
				CLANG_ANALYZER_NUMBER_OBJECT_CONVERSION = YES_AGGRESSIVE;
				CLANG_CXX_LANGUAGE_STANDARD = "gnu++20";
				CLANG_ENABLE_MODULES = YES;
				CLANG_ENABLE_OBJC_ARC = YES;
				CLANG_ENABLE_OBJC_WEAK = YES;
				CLANG_WARN_BLOCK_CAPTURE_AUTORELEASING = YES;
				CLANG_WARN_BOOL_CONVERSION = YES;
				CLANG_WARN_COMMA = YES;
				CLANG_WARN_CONSTANT_CONVERSION = YES;
				CLANG_WARN_DEPRECATED_OBJC_IMPLEMENTATIONS = YES;
				CLANG_WARN_DIRECT_OBJC_ISA_USAGE = YES_ERROR;
				CLANG_WARN_DOCUMENTATION_COMMENTS = YES;
				CLANG_WARN_EMPTY_BODY = YES;
				CLANG_WARN_ENUM_CONVERSION = YES;
				CLANG_WARN_INFINITE_RECURSION = YES;
				CLANG_WARN_INT_CONVERSION = YES;
				CLANG_WARN_NON_LITERAL_NULL_CONVERSION = YES;
				CLANG_WARN_OBJC_IMPLICIT_RETAIN_SELF = YES;
				CLANG_WARN_OBJC_LITERAL_CONVERSION = YES;
				CLANG_WARN_OBJC_ROOT_CLASS = YES_ERROR;
				CLANG_WARN_QUOTED_INCLUDE_IN_FRAMEWORK_HEADER = YES;
				CLANG_WARN_RANGE_LOOP_ANALYSIS = YES;
				CLANG_WARN_STRICT_PROTOTYPES = YES;
				CLANG_WARN_SUSPICIOUS_MOVE = YES;
				CLANG_WARN_UNGUARDED_AVAILABILITY = YES_AGGRESSIVE;
				CLANG_WARN_UNREACHABLE_CODE = YES;
				CLANG_WARN__DUPLICATE_METHOD_MATCH = YES;
				COPY_PHASE_STRIP = NO;
				DEBUG_INFORMATION_FORMAT = "dwarf-with-dsym";
				ENABLE_NS_ASSERTIONS = NO;
				ENABLE_STRICT_OBJC_MSGSEND = YES;
				GCC_C_LANGUAGE_STANDARD = gnu11;
				GCC_NO_COMMON_BLOCKS = YES;
				GCC_WARN_64_TO_32_BIT_CONVERSION = YES;
				GCC_WARN_ABOUT_RETURN_TYPE = YES_ERROR;
				GCC_WARN_UNDECLARED_SELECTOR = YES;
				GCC_WARN_UNINITIALIZED_AUTOS = YES_AGGRESSIVE;
				GCC_WARN_UNUSED_FUNCTION = YES;
				GCC_WARN_UNUSED_VARIABLE = YES;
				MACOSX_DEPLOYMENT_TARGET = 13.1;
				MTL_ENABLE_DEBUG_INFO = NO;
				MTL_FAST_MATH = YES;
				SDKROOT = macosx;
				SWIFT_COMPILATION_MODE = wholemodule;
				SWIFT_OPTIMIZATION_LEVEL = "-O";
			};
			name = Release;
		};
		65321691298F786500A5F51A /* Debug */ = {
			isa = XCBuildConfiguration;
			buildSettings = {
				CODE_SIGN_STYLE = Automatic;
				DEVELOPMENT_TEAM = 6GK6PL55U2;
				ENABLE_HARDENED_RUNTIME = YES;
				PRODUCT_NAME = "$(TARGET_NAME)";
				SWIFT_VERSION = 5.0;
			};
			name = Debug;
		};
		65321692298F786500A5F51A /* Release */ = {
			isa = XCBuildConfiguration;
			buildSettings = {
				CODE_SIGN_STYLE = Automatic;
				DEVELOPMENT_TEAM = 6GK6PL55U2;
				ENABLE_HARDENED_RUNTIME = YES;
				PRODUCT_NAME = "$(TARGET_NAME)";
				SWIFT_VERSION = 5.0;
			};
			name = Release;
		};
/* End XCBuildConfiguration section */

/* Begin XCConfigurationList section */
		65321684298F786500A5F51A /* Build configuration list for PBXProject "Swift_Programmers" */ = {
			isa = XCConfigurationList;
			buildConfigurations = (
				6532168E298F786500A5F51A /* Debug */,
				6532168F298F786500A5F51A /* Release */,
			);
			defaultConfigurationIsVisible = 0;
			defaultConfigurationName = Release;
		};
		65321690298F786500A5F51A /* Build configuration list for PBXNativeTarget "Swift_Programmers" */ = {
			isa = XCConfigurationList;
			buildConfigurations = (
				65321691298F786500A5F51A /* Debug */,
				65321692298F786500A5F51A /* Release */,
			);
			defaultConfigurationIsVisible = 0;
			defaultConfigurationName = Release;
		};
/* End XCConfigurationList section */
	};
	rootObject = 65321681298F786500A5F51A /* Project object */;
}
